{
    "name": "@pierreminiggio/puppeteer-text-typer",
    "version": "2.0.0",
    "lockfileVersion": 2,
    "requires": true,
    "packages": {
        "": {
            "name": "@pierreminiggio/puppeteer-text-typer",
            "version": "2.0.0",
            "license": "ISC",
            "dependencies": {
                "@pierreminiggio/async-foreach": "github:pierreminiggio/async-foreach",
                "@pierreminiggio/timeout": "github:pierreminiggio/timeout"
            },
            "devDependencies": {}
        },
        "node_modules/@pierreminiggio/async-foreach": {
            "version": "2.0.0",
            "resolved": "git+ssh://git@github.com/pierreminiggio/async-foreach.git#bfc182c5dfe39496dc4c732abc9165b9416dd28c",
            "license": "ISC"
        },
        "node_modules/@pierreminiggio/timeout": {
            "version": "1.0.0",
            "resolved": "git+ssh://git@github.com/pierreminiggio/timeout.git#2e0ae3c549a53163c510c193bafcf23b686cee16",
            "license": "ISC"
        }
    },
    "dependencies": {
        "@pierreminiggio/async-foreach": {
            "version": "git+ssh://git@github.com/pierreminiggio/async-foreach.git#bfc182c5dfe39496dc4c732abc9165b9416dd28c",
            "from": "@pierreminiggio/async-foreach@github:pierreminiggio/async-foreach"
        },
        "@pierreminiggio/timeout": {
            "version": "git+ssh://git@github.com/pierreminiggio/timeout.git#2e0ae3c549a53163c510c193bafcf23b686cee16",
            "from": "@pierreminiggio/timeout@github:pierreminiggio/timeout"
        }
    }
}
