{
    "name": "@pierreminiggio/puppeteer-text-typer",
    "version": "1.0.0",
    "lockfileVersion": 1,
    "requires": true,
    "dependencies": {
        "@pierreminiggio/async-foreach": {
            "version": "github:pierreminiggio/async-foreach#cdd0d33ef1d1f6da6bb24e905fa6079da322947f",
            "from": "github:pierreminiggio/async-foreach",
            "requires": {
                "node": "^12.6.0"
            }
        },
        "@pierreminiggio/timeout": {
            "version": "github:pierreminiggio/timeout#2e0ae3c549a53163c510c193bafcf23b686cee16",
            "from": "github:pierreminiggio/timeout"
        },
        "node": {
            "version": "12.20.0",
            "resolved": "https://registry.npmjs.org/node/-/node-12.20.0.tgz",
            "integrity": "sha512-+6Js2pw8ojaxWLjD91NAceSkMuIKPitf+fhQh+UVeVfGRqrY2w8oS65/VEIU3/EK1CWSDUlui5YXxy3+Id2Gjw==",
            "requires": {
                "node-bin-setup": "^1.0.0"
            },
            "dependencies": {
                "node-win-x64": {
                    "version": "12.20.0",
                    "resolved": "https://registry.npmjs.org/node-win-x64/-/node-win-x64-12.20.0.tgz",
                    "integrity": "sha512-RWBMQdcK/8jmRuVbsl3oGKm7wzNw0O6EixrErOHe5iMr7oqLS8OEzGKPSYExm79Jc+KfDhcg/gdWDiRk8djYTA=="
                }
            }
        },
        "node-bin-setup": {
            "version": "1.0.6",
            "resolved": "https://registry.npmjs.org/node-bin-setup/-/node-bin-setup-1.0.6.tgz",
            "integrity": "sha512-uPIxXNis1CRbv1DwqAxkgBk5NFV3s7cMN/Gf556jSw6jBvV7ca4F9lRL/8cALcZecRibeqU+5dFYqFFmzv5a0Q=="
        }
    }
}
